
Microsoft Visual Studio Solution File, Format Version 12.00
# Visual Studio Version 17
VisualStudioVersion = 17.5.002.0
MinimumVisualStudioVersion = 10.0.40219.1
Project("{9A19103F-16F7-4668-BE54-9A1E7A4F7556}") = "Voorraad.WebApp", "Voorraad.WebApp.csproj", "{B313F1A5-27C9-453A-94E2-6201D3944B19}"
EndProject
Global
	GlobalSection(SolutionConfigurationPlatforms) = preSolution
		Debug|Any CPU = Debug|Any CPU
		Release|Any CPU = Release|Any CPU
	EndGlobalSection
	GlobalSection(ProjectConfigurationPlatforms) = postSolution
		{B313F1A5-27C9-453A-94E2-6201D3944B19}.Debug|Any CPU.ActiveCfg = Debug|Any CPU
		{B313F1A5-27C9-453A-94E2-6201D3944B19}.Debug|Any CPU.Build.0 = Debug|Any CPU
		{B313F1A5-27C9-453A-94E2-6201D3944B19}.Release|Any CPU.ActiveCfg = Release|Any CPU
		{B313F1A5-27C9-453A-94E2-6201D3944B19}.Release|Any CPU.Build.0 = Release|Any CPU
	EndGlobalSection
	GlobalSection(SolutionProperties) = preSolution
		HideSolutionNode = FALSE
	EndGlobalSection
	GlobalSection(ExtensibilityGlobals) = postSolution
		SolutionGuid = {B051CD04-5E22-4DA4-8BCB-419DAF940F89}
	EndGlobalSection
EndGlobal
